
Microsoft Visual Studio Solution File, Format Version 12.00
# Visual Studio Version 16
VisualStudioVersion = 16.0.31624.102
MinimumVisualStudioVersion = 10.0.40219.1
Project("{9A19103F-16F7-4668-BE54-9A1E7A4F7556}") = "z_1", "homework_2\z_1.csproj", "{C88803DD-1149-4E29-B545-4BE509E31CF0}"
EndProject
Project("{9A19103F-16F7-4668-BE54-9A1E7A4F7556}") = "z_2", "z_2\z_2.csproj", "{60C505B6-C4E8-41D2-8C26-0B7F90A67995}"
EndProject
Project("{9A19103F-16F7-4668-BE54-9A1E7A4F7556}") = "z_3", "z_3\z_3.csproj", "{FAC68FEC-A034-461F-ABBB-7AE31B7A829D}"
EndProject
Project("{FAE04EC0-301F-11D3-BF4B-00C04F79EFBC}") = "z_4", "z_4\z_4.csproj", "{0B148B5D-24D6-4D03-B92D-9D04B886DEC0}"
EndProject
Project("{FAE04EC0-301F-11D3-BF4B-00C04F79EFBC}") = "z_5", "z_5\z_5.csproj", "{70632AFA-4417-4DAC-BC7E-8C913F48A338}"
EndProject
Global
	GlobalSection(SolutionConfigurationPlatforms) = preSolution
		Debug|Any CPU = Debug|Any CPU
		Release|Any CPU = Release|Any CPU
	EndGlobalSection
	GlobalSection(ProjectConfigurationPlatforms) = postSolution
		{C88803DD-1149-4E29-B545-4BE509E31CF0}.Debug|Any CPU.ActiveCfg = Debug|Any CPU
		{C88803DD-1149-4E29-B545-4BE509E31CF0}.Debug|Any CPU.Build.0 = Debug|Any CPU
		{C88803DD-1149-4E29-B545-4BE509E31CF0}.Release|Any CPU.ActiveCfg = Release|Any CPU
		{C88803DD-1149-4E29-B545-4BE509E31CF0}.Release|Any CPU.Build.0 = Release|Any CPU
		{60C505B6-C4E8-41D2-8C26-0B7F90A67995}.Debug|Any CPU.ActiveCfg = Debug|Any CPU
		{60C505B6-C4E8-41D2-8C26-0B7F90A67995}.Debug|Any CPU.Build.0 = Debug|Any CPU
		{60C505B6-C4E8-41D2-8C26-0B7F90A67995}.Release|Any CPU.ActiveCfg = Release|Any CPU
		{60C505B6-C4E8-41D2-8C26-0B7F90A67995}.Release|Any CPU.Build.0 = Release|Any CPU
		{FAC68FEC-A034-461F-ABBB-7AE31B7A829D}.Debug|Any CPU.ActiveCfg = Debug|Any CPU
		{FAC68FEC-A034-461F-ABBB-7AE31B7A829D}.Debug|Any CPU.Build.0 = Debug|Any CPU
		{FAC68FEC-A034-461F-ABBB-7AE31B7A829D}.Release|Any CPU.ActiveCfg = Release|Any CPU
		{FAC68FEC-A034-461F-ABBB-7AE31B7A829D}.Release|Any CPU.Build.0 = Release|Any CPU
		{0B148B5D-24D6-4D03-B92D-9D04B886DEC0}.Debug|Any CPU.ActiveCfg = Debug|Any CPU
		{0B148B5D-24D6-4D03-B92D-9D04B886DEC0}.Debug|Any CPU.Build.0 = Debug|Any CPU
		{0B148B5D-24D6-4D03-B92D-9D04B886DEC0}.Release|Any CPU.ActiveCfg = Release|Any CPU
		{0B148B5D-24D6-4D03-B92D-9D04B886DEC0}.Release|Any CPU.Build.0 = Release|Any CPU
		{70632AFA-4417-4DAC-BC7E-8C913F48A338}.Debug|Any CPU.ActiveCfg = Debug|Any CPU
		{70632AFA-4417-4DAC-BC7E-8C913F48A338}.Debug|Any CPU.Build.0 = Debug|Any CPU
		{70632AFA-4417-4DAC-BC7E-8C913F48A338}.Release|Any CPU.ActiveCfg = Release|Any CPU
		{70632AFA-4417-4DAC-BC7E-8C913F48A338}.Release|Any CPU.Build.0 = Release|Any CPU
	EndGlobalSection
	GlobalSection(SolutionProperties) = preSolution
		HideSolutionNode = FALSE
	EndGlobalSection
	GlobalSection(ExtensibilityGlobals) = postSolution
		SolutionGuid = {D2CB0598-08BB-4964-AE2D-26E124A118E7}
	EndGlobalSection
EndGlobal
